
Microsoft Visual Studio Solution File, Format Version 12.00
# Visual Studio Version 17
VisualStudioVersion = 17.7.34031.279
MinimumVisualStudioVersion = 10.0.40219.1
Project("{FAE04EC0-301F-11D3-BF4B-00C04F79EFBC}") = "if_else", "if_else.csproj", "{AE3DC557-7D92-44B5-B174-15E1FDF42B11}"
EndProject
Global
	GlobalSection(SolutionConfigurationPlatforms) = preSolution
		Debug|Any CPU = Debug|Any CPU
		Release|Any CPU = Release|Any CPU
	EndGlobalSection
	GlobalSection(ProjectConfigurationPlatforms) = postSolution
		{AE3DC557-7D92-44B5-B174-15E1FDF42B11}.Debug|Any CPU.ActiveCfg = Debug|Any CPU
		{AE3DC557-7D92-44B5-B174-15E1FDF42B11}.Debug|Any CPU.Build.0 = Debug|Any CPU
		{AE3DC557-7D92-44B5-B174-15E1FDF42B11}.Release|Any CPU.ActiveCfg = Release|Any CPU
		{AE3DC557-7D92-44B5-B174-15E1FDF42B11}.Release|Any CPU.Build.0 = Release|Any CPU
	EndGlobalSection
	GlobalSection(SolutionProperties) = preSolution
		HideSolutionNode = FALSE
	EndGlobalSection
	GlobalSection(ExtensibilityGlobals) = postSolution
		SolutionGuid = {79B24220-B7F7-47D6-A1FC-6B14F5535CB2}
	EndGlobalSection
EndGlobal
