
Microsoft Visual Studio Solution File, Format Version 12.00
# Visual Studio Version 17
VisualStudioVersion = 17.7.34031.279
MinimumVisualStudioVersion = 10.0.40219.1
Project("{FAE04EC0-301F-11D3-BF4B-00C04F79EFBC}") = "example_1", "example_1.csproj", "{0764EAD3-DAF3-4F07-B4B6-E4C5C46026ED}"
EndProject
Global
	GlobalSection(SolutionConfigurationPlatforms) = preSolution
		Debug|Any CPU = Debug|Any CPU
		Release|Any CPU = Release|Any CPU
	EndGlobalSection
	GlobalSection(ProjectConfigurationPlatforms) = postSolution
		{0764EAD3-DAF3-4F07-B4B6-E4C5C46026ED}.Debug|Any CPU.ActiveCfg = Debug|Any CPU
		{0764EAD3-DAF3-4F07-B4B6-E4C5C46026ED}.Debug|Any CPU.Build.0 = Debug|Any CPU
		{0764EAD3-DAF3-4F07-B4B6-E4C5C46026ED}.Release|Any CPU.ActiveCfg = Release|Any CPU
		{0764EAD3-DAF3-4F07-B4B6-E4C5C46026ED}.Release|Any CPU.Build.0 = Release|Any CPU
	EndGlobalSection
	GlobalSection(SolutionProperties) = preSolution
		HideSolutionNode = FALSE
	EndGlobalSection
	GlobalSection(ExtensibilityGlobals) = postSolution
		SolutionGuid = {09308B0C-6620-4D37-8ECD-A5DA164371C4}
	EndGlobalSection
EndGlobal
